
Microsoft Visual Studio Solution File, Format Version 12.00
# Visual Studio 14
VisualStudioVersion = 14.0.25420.1
MinimumVisualStudioVersion = 10.0.40219.1
Project("{FAE04EC0-301F-11D3-BF4B-00C04F79EFBC}") = "Tournaments", "Tournaments\Tournaments.csproj", "{899568FF-95D9-4844-ACDE-D8C932137519}"
EndProject
Project("{FAE04EC0-301F-11D3-BF4B-00C04F79EFBC}") = "Tournaments.Tests", "Tournaments.Tests\Tournaments.Tests.csproj", "{C5609128-6D00-41CA-BC19-2ADF163898FA}"
EndProject
Project("{2150E333-8FDC-42A3-9474-1A3956D46DE8}") = "Lib", "Lib", "{A8DAD0D5-440D-4BF1-9349-118D4B291923}"
EndProject
Project("{2150E333-8FDC-42A3-9474-1A3956D46DE8}") = "Clients", "Clients", "{97FFECFF-8C81-450D-8D25-355C7FB8F614}"
EndProject
Project("{2150E333-8FDC-42A3-9474-1A3956D46DE8}") = "Tests", "Tests", "{2133C2AD-8A27-46C3-9843-145EE959E1C6}"
EndProject
Project("{FAE04EC0-301F-11D3-BF4B-00C04F79EFBC}") = "Services", "Services\Services.csproj", "{CCC13101-6EE2-4401-8C90-FBEF0235FE61}"
EndProject
Project("{FAE04EC0-301F-11D3-BF4B-00C04F79EFBC}") = "Models", "Models\Models.csproj", "{AB00381D-5961-471E-94AA-C5C60F772329}"
EndProject
Project("{FAE04EC0-301F-11D3-BF4B-00C04F79EFBC}") = "Data", "Data\Data.csproj", "{9D2BC629-0D7F-49AF-9F4A-A649568BF678}"
EndProject
Global
	GlobalSection(SolutionConfigurationPlatforms) = preSolution
		Debug|Any CPU = Debug|Any CPU
		Release|Any CPU = Release|Any CPU
	EndGlobalSection
	GlobalSection(ProjectConfigurationPlatforms) = postSolution
		{899568FF-95D9-4844-ACDE-D8C932137519}.Debug|Any CPU.ActiveCfg = Debug|Any CPU
		{899568FF-95D9-4844-ACDE-D8C932137519}.Debug|Any CPU.Build.0 = Debug|Any CPU
		{899568FF-95D9-4844-ACDE-D8C932137519}.Release|Any CPU.ActiveCfg = Release|Any CPU
		{899568FF-95D9-4844-ACDE-D8C932137519}.Release|Any CPU.Build.0 = Release|Any CPU
		{C5609128-6D00-41CA-BC19-2ADF163898FA}.Debug|Any CPU.ActiveCfg = Debug|Any CPU
		{C5609128-6D00-41CA-BC19-2ADF163898FA}.Debug|Any CPU.Build.0 = Debug|Any CPU
		{C5609128-6D00-41CA-BC19-2ADF163898FA}.Release|Any CPU.ActiveCfg = Release|Any CPU
		{C5609128-6D00-41CA-BC19-2ADF163898FA}.Release|Any CPU.Build.0 = Release|Any CPU
		{CCC13101-6EE2-4401-8C90-FBEF0235FE61}.Debug|Any CPU.ActiveCfg = Debug|Any CPU
		{CCC13101-6EE2-4401-8C90-FBEF0235FE61}.Debug|Any CPU.Build.0 = Debug|Any CPU
		{CCC13101-6EE2-4401-8C90-FBEF0235FE61}.Release|Any CPU.ActiveCfg = Release|Any CPU
		{CCC13101-6EE2-4401-8C90-FBEF0235FE61}.Release|Any CPU.Build.0 = Release|Any CPU
		{AB00381D-5961-471E-94AA-C5C60F772329}.Debug|Any CPU.ActiveCfg = Debug|Any CPU
		{AB00381D-5961-471E-94AA-C5C60F772329}.Debug|Any CPU.Build.0 = Debug|Any CPU
		{AB00381D-5961-471E-94AA-C5C60F772329}.Release|Any CPU.ActiveCfg = Release|Any CPU
		{AB00381D-5961-471E-94AA-C5C60F772329}.Release|Any CPU.Build.0 = Release|Any CPU
		{9D2BC629-0D7F-49AF-9F4A-A649568BF678}.Debug|Any CPU.ActiveCfg = Debug|Any CPU
		{9D2BC629-0D7F-49AF-9F4A-A649568BF678}.Debug|Any CPU.Build.0 = Debug|Any CPU
		{9D2BC629-0D7F-49AF-9F4A-A649568BF678}.Release|Any CPU.ActiveCfg = Release|Any CPU
		{9D2BC629-0D7F-49AF-9F4A-A649568BF678}.Release|Any CPU.Build.0 = Release|Any CPU
	EndGlobalSection
	GlobalSection(SolutionProperties) = preSolution
		HideSolutionNode = FALSE
	EndGlobalSection
	GlobalSection(NestedProjects) = preSolution
		{899568FF-95D9-4844-ACDE-D8C932137519} = {97FFECFF-8C81-450D-8D25-355C7FB8F614}
		{C5609128-6D00-41CA-BC19-2ADF163898FA} = {2133C2AD-8A27-46C3-9843-145EE959E1C6}
		{CCC13101-6EE2-4401-8C90-FBEF0235FE61} = {A8DAD0D5-440D-4BF1-9349-118D4B291923}
		{AB00381D-5961-471E-94AA-C5C60F772329} = {A8DAD0D5-440D-4BF1-9349-118D4B291923}
		{9D2BC629-0D7F-49AF-9F4A-A649568BF678} = {A8DAD0D5-440D-4BF1-9349-118D4B291923}
	EndGlobalSection
EndGlobal
